// !$*UTF8*$!
{
	archiveVersion = 1;
	classes = {
	};
	objectVersion = 46;
	objects = {

/* Begin PBXBuildFile section */
		272EDFFB1E428D9A0029B0F2 /* LaunchScreen.xib in Resources */ = {isa = PBXBuildFile; fileRef = 272EDFFA1E428D9A0029B0F2 /* LaunchScreen.xib */; };
		279AB0881E42853E00654249 /* MainViewController.xib in Resources */ = {isa = PBXBuildFile; fileRef = 279AB0871E42853E00654249 /* MainViewController.xib */; };
		279AB08B1E42855C00654249 /* MainViewController.m in Sources */ = {isa = PBXBuildFile; fileRef = 279AB08A1E42855C00654249 /* MainViewController.m */; };
		27D485C91E421B7E0038DDEC /* main.m in Sources */ = {isa = PBXBuildFile; fileRef = 27D485C81E421B7E0038DDEC /* main.m */; };
		27D485CC1E421B7E0038DDEC /* AppDelegate.m in Sources */ = {isa = PBXBuildFile; fileRef = 27D485CB1E421B7E0038DDEC /* AppDelegate.m */; };
		27D485D41E421B7E0038DDEC /* Assets.xcassets in Resources */ = {isa = PBXBuildFile; fileRef = 27D485D31E421B7E0038DDEC /* Assets.xcassets */; };
		27E0266E1E42AD7200DFE845 /* DetailViewController.m in Sources */ = {isa = PBXBuildFile; fileRef = 27E0266D1E42AD7200DFE845 /* DetailViewController.m */; };
		27E026701E42AD9700DFE845 /* DetailViewController.xib in Resources */ = {isa = PBXBuildFile; fileRef = 27E0266F1E42AD9700DFE845 /* DetailViewController.xib */; };
		27E0267C1E43526800DFE845 /* Post.m in Sources */ = {isa = PBXBuildFile; fileRef = 27E0267B1E43526800DFE845 /* Post.m */; };
		27E026811E43585000DFE845 /* TumblrClient.m in Sources */ = {isa = PBXBuildFile; fileRef = 27E026801E43585000DFE845 /* TumblrClient.m */; };
		27E026871E43675600DFE845 /* PostParser.m in Sources */ = {isa = PBXBuildFile; fileRef = 27E026861E43675600DFE845 /* PostParser.m */; };
		27E0268B1E4369CD00DFE845 /* TumblrManager.m in Sources */ = {isa = PBXBuildFile; fileRef = 27E0268A1E4369CD00DFE845 /* TumblrManager.m */; };
/* End PBXBuildFile section */

/* Begin PBXFileReference section */
		272EDFFA1E428D9A0029B0F2 /* LaunchScreen.xib */ = {isa = PBXFileReference; fileEncoding = 4; lastKnownFileType = file.xib; name = LaunchScreen.xib; path = ../LaunchScreen.xib; sourceTree = "<group>"; };
		279AB0871E42853E00654249 /* MainViewController.xib */ = {isa = PBXFileReference; fileEncoding = 4; lastKnownFileType = file.xib; name = MainViewController.xib; path = ../MainViewController.xib; sourceTree = "<group>"; };
		279AB0891E42855C00654249 /* MainViewController.h */ = {isa = PBXFileReference; fileEncoding = 4; lastKnownFileType = sourcecode.c.h; name = MainViewController.h; path = ../MainViewController.h; sourceTree = "<group>"; };
		279AB08A1E42855C00654249 /* MainViewController.m */ = {isa = PBXFileReference; fileEncoding = 4; lastKnownFileType = sourcecode.c.objc; name = MainViewController.m; path = ../MainViewController.m; sourceTree = "<group>"; };
		27D485C41E421B7E0038DDEC /* TumblrViewer.app */ = {isa = PBXFileReference; explicitFileType = wrapper.application; includeInIndex = 0; path = TumblrViewer.app; sourceTree = BUILT_PRODUCTS_DIR; };
		27D485C81E421B7E0038DDEC /* main.m */ = {isa = PBXFileReference; lastKnownFileType = sourcecode.c.objc; path = main.m; sourceTree = "<group>"; };
		27D485CA1E421B7E0038DDEC /* AppDelegate.h */ = {isa = PBXFileReference; lastKnownFileType = sourcecode.c.h; path = AppDelegate.h; sourceTree = "<group>"; };
		27D485CB1E421B7E0038DDEC /* AppDelegate.m */ = {isa = PBXFileReference; lastKnownFileType = sourcecode.c.objc; path = AppDelegate.m; sourceTree = "<group>"; };
		27D485D31E421B7E0038DDEC /* Assets.xcassets */ = {isa = PBXFileReference; lastKnownFileType = folder.assetcatalog; path = Assets.xcassets; sourceTree = "<group>"; };
		27D485D81E421B7E0038DDEC /* Info.plist */ = {isa = PBXFileReference; lastKnownFileType = text.plist.xml; path = Info.plist; sourceTree = "<group>"; };
		27E0266C1E42AD7200DFE845 /* DetailViewController.h */ = {isa = PBXFileReference; fileEncoding = 4; lastKnownFileType = sourcecode.c.h; path = DetailViewController.h; sourceTree = "<group>"; };
		27E0266D1E42AD7200DFE845 /* DetailViewController.m */ = {isa = PBXFileReference; fileEncoding = 4; lastKnownFileType = sourcecode.c.objc; path = DetailViewController.m; sourceTree = "<group>"; };
		27E0266F1E42AD9700DFE845 /* DetailViewController.xib */ = {isa = PBXFileReference; fileEncoding = 4; lastKnownFileType = file.xib; path = DetailViewController.xib; sourceTree = "<group>"; };
		27E0267A1E43526800DFE845 /* Post.h */ = {isa = PBXFileReference; fileEncoding = 4; lastKnownFileType = sourcecode.c.h; path = Post.h; sourceTree = "<group>"; };
		27E0267B1E43526800DFE845 /* Post.m */ = {isa = PBXFileReference; fileEncoding = 4; lastKnownFileType = sourcecode.c.objc; path = Post.m; sourceTree = "<group>"; };
		27E0267E1E4356E900DFE845 /* TumblrClientDelegate.h */ = {isa = PBXFileReference; fileEncoding = 4; lastKnownFileType = sourcecode.c.h; path = TumblrClientDelegate.h; sourceTree = "<group>"; };
		27E0267F1E43585000DFE845 /* TumblrClient.h */ = {isa = PBXFileReference; fileEncoding = 4; lastKnownFileType = sourcecode.c.h; path = TumblrClient.h; sourceTree = "<group>"; };
		27E026801E43585000DFE845 /* TumblrClient.m */ = {isa = PBXFileReference; fileEncoding = 4; lastKnownFileType = sourcecode.c.objc; path = TumblrClient.m; sourceTree = "<group>"; };
		27E026851E43675600DFE845 /* PostParser.h */ = {isa = PBXFileReference; fileEncoding = 4; lastKnownFileType = sourcecode.c.h; path = PostParser.h; sourceTree = "<group>"; };
		27E026861E43675600DFE845 /* PostParser.m */ = {isa = PBXFileReference; fileEncoding = 4; lastKnownFileType = sourcecode.c.objc; path = PostParser.m; sourceTree = "<group>"; };
		27E026881E43697700DFE845 /* TumblrManagerDelegate.h */ = {isa = PBXFileReference; fileEncoding = 4; lastKnownFileType = sourcecode.c.h; path = TumblrManagerDelegate.h; sourceTree = "<group>"; };
		27E026891E4369CD00DFE845 /* TumblrManager.h */ = {isa = PBXFileReference; fileEncoding = 4; lastKnownFileType = sourcecode.c.h; path = TumblrManager.h; sourceTree = "<group>"; };
		27E0268A1E4369CD00DFE845 /* TumblrManager.m */ = {isa = PBXFileReference; fileEncoding = 4; lastKnownFileType = sourcecode.c.objc; path = TumblrManager.m; sourceTree = "<group>"; };
/* End PBXFileReference section */

/* Begin PBXFrameworksBuildPhase section */
		27D485C11E421B7D0038DDEC /* Frameworks */ = {
			isa = PBXFrameworksBuildPhase;
			buildActionMask = 2147483647;
			files = (
			);
			runOnlyForDeploymentPostprocessing = 0;
		};
/* End PBXFrameworksBuildPhase section */

/* Begin PBXGroup section */
		27D485BB1E421B7D0038DDEC = {
			isa = PBXGroup;
			children = (
				27D485C61E421B7E0038DDEC /* TumblrViewer */,
				27D485C51E421B7E0038DDEC /* Products */,
			);
			sourceTree = "<group>";
		};
		27D485C51E421B7E0038DDEC /* Products */ = {
			isa = PBXGroup;
			children = (
				27D485C41E421B7E0038DDEC /* TumblrViewer.app */,
			);
			name = Products;
			sourceTree = "<group>";
		};
		27D485C61E421B7E0038DDEC /* TumblrViewer */ = {
			isa = PBXGroup;
			children = (
				27E026791E43523100DFE845 /* Model */,
				27E026781E43521D00DFE845 /* ViewController */,
				272EDFFA1E428D9A0029B0F2 /* LaunchScreen.xib */,
				27D485CA1E421B7E0038DDEC /* AppDelegate.h */,
				27D485CB1E421B7E0038DDEC /* AppDelegate.m */,
				27D485D31E421B7E0038DDEC /* Assets.xcassets */,
				27D485D81E421B7E0038DDEC /* Info.plist */,
				27D485C71E421B7E0038DDEC /* Supporting Files */,
			);
			name = TumblrViewer;
			path = TumblViewer;
			sourceTree = "<group>";
		};
		27D485C71E421B7E0038DDEC /* Supporting Files */ = {
			isa = PBXGroup;
			children = (
				27D485C81E421B7E0038DDEC /* main.m */,
			);
			name = "Supporting Files";
			sourceTree = "<group>";
		};
		27E026781E43521D00DFE845 /* ViewController */ = {
			isa = PBXGroup;
			children = (
				279AB0891E42855C00654249 /* MainViewController.h */,
				279AB08A1E42855C00654249 /* MainViewController.m */,
				27E0266C1E42AD7200DFE845 /* DetailViewController.h */,
				27E0266D1E42AD7200DFE845 /* DetailViewController.m */,
				27E0266F1E42AD9700DFE845 /* DetailViewController.xib */,
				279AB0871E42853E00654249 /* MainViewController.xib */,
			);
			name = ViewController;
			sourceTree = "<group>";
		};
		27E026791E43523100DFE845 /* Model */ = {
			isa = PBXGroup;
			children = (
				27E0267A1E43526800DFE845 /* Post.h */,
				27E0267B1E43526800DFE845 /* Post.m */,
				27E026851E43675600DFE845 /* PostParser.h */,
				27E026861E43675600DFE845 /* PostParser.m */,
				27E0267F1E43585000DFE845 /* TumblrClient.h */,
				27E026801E43585000DFE845 /* TumblrClient.m */,
				27E0267E1E4356E900DFE845 /* TumblrClientDelegate.h */,
				27E026881E43697700DFE845 /* TumblrManagerDelegate.h */,
				27E026891E4369CD00DFE845 /* TumblrManager.h */,
				27E0268A1E4369CD00DFE845 /* TumblrManager.m */,
			);
			name = Model;
			sourceTree = "<group>";
		};
/* End PBXGroup section */

/* Begin PBXNativeTarget section */
		27D485C31E421B7D0038DDEC /* TumblrViewer */ = {
			isa = PBXNativeTarget;
			buildConfigurationList = 27D485DB1E421B7E0038DDEC /* Build configuration list for PBXNativeTarget "TumblrViewer" */;
			buildPhases = (
				27D485C01E421B7D0038DDEC /* Sources */,
				27D485C11E421B7D0038DDEC /* Frameworks */,
				27D485C21E421B7D0038DDEC /* Resources */,
			);
			buildRules = (
			);
			dependencies = (
			);
			name = TumblrViewer;
			productName = TumblViewer;
			productReference = 27D485C41E421B7E0038DDEC /* TumblrViewer.app */;
			productType = "com.apple.product-type.application";
		};
/* End PBXNativeTarget section */

/* Begin PBXProject section */
		27D485BC1E421B7D0038DDEC /* Project object */ = {
			isa = PBXProject;
			attributes = {
				LastUpgradeCheck = 0820;
				ORGANIZATIONNAME = "Mike Tubis";
				TargetAttributes = {
					27D485C31E421B7D0038DDEC = {
						CreatedOnToolsVersion = 8.2.1;
						DevelopmentTeam = AFD55YHYZ6;
						ProvisioningStyle = Automatic;
					};
				};
			};
			buildConfigurationList = 27D485BF1E421B7D0038DDEC /* Build configuration list for PBXProject "TumblrViewer" */;
			compatibilityVersion = "Xcode 3.2";
			developmentRegion = English;
			hasScannedForEncodings = 0;
			knownRegions = (
				en,
				Base,
			);
			mainGroup = 27D485BB1E421B7D0038DDEC;
			productRefGroup = 27D485C51E421B7E0038DDEC /* Products */;
			projectDirPath = "";
			projectRoot = "";
			targets = (
				27D485C31E421B7D0038DDEC /* TumblrViewer */,
			);
		};
/* End PBXProject section */

/* Begin PBXResourcesBuildPhase section */
		27D485C21E421B7D0038DDEC /* Resources */ = {
			isa = PBXResourcesBuildPhase;
			buildActionMask = 2147483647;
			files = (
				27D485D41E421B7E0038DDEC /* Assets.xcassets in Resources */,
				272EDFFB1E428D9A0029B0F2 /* LaunchScreen.xib in Resources */,
				279AB0881E42853E00654249 /* MainViewController.xib in Resources */,
				27E026701E42AD9700DFE845 /* DetailViewController.xib in Resources */,
			);
			runOnlyForDeploymentPostprocessing = 0;
		};
/* End PBXResourcesBuildPhase section */

/* Begin PBXSourcesBuildPhase section */
		27D485C01E421B7D0038DDEC /* Sources */ = {
			isa = PBXSourcesBuildPhase;
			buildActionMask = 2147483647;
			files = (
				27E026811E43585000DFE845 /* TumblrClient.m in Sources */,
				27E0267C1E43526800DFE845 /* Post.m in Sources */,
				27E026871E43675600DFE845 /* PostParser.m in Sources */,
				27E0268B1E4369CD00DFE845 /* TumblrManager.m in Sources */,
				27D485CC1E421B7E0038DDEC /* AppDelegate.m in Sources */,
				279AB08B1E42855C00654249 /* MainViewController.m in Sources */,
				27D485C91E421B7E0038DDEC /* main.m in Sources */,
				27E0266E1E42AD7200DFE845 /* DetailViewController.m in Sources */,
			);
			runOnlyForDeploymentPostprocessing = 0;
		};
/* End PBXSourcesBuildPhase section */

/* Begin XCBuildConfiguration section */
		27D485D91E421B7E0038DDEC /* Debug */ = {
			isa = XCBuildConfiguration;
			buildSettings = {
				ALWAYS_SEARCH_USER_PATHS = NO;
				CLANG_ANALYZER_NONNULL = YES;
				CLANG_CXX_LANGUAGE_STANDARD = "gnu++0x";
				CLANG_CXX_LIBRARY = "libc++";
				CLANG_ENABLE_MODULES = YES;
				CLANG_ENABLE_OBJC_ARC = YES;
				CLANG_WARN_BOOL_CONVERSION = YES;
				CLANG_WARN_CONSTANT_CONVERSION = YES;
				CLANG_WARN_DIRECT_OBJC_ISA_USAGE = YES_ERROR;
				CLANG_WARN_DOCUMENTATION_COMMENTS = YES;
				CLANG_WARN_EMPTY_BODY = YES;
				CLANG_WARN_ENUM_CONVERSION = YES;
				CLANG_WARN_INFINITE_RECURSION = YES;
				CLANG_WARN_INT_CONVERSION = YES;
				CLANG_WARN_OBJC_ROOT_CLASS = YES_ERROR;
				CLANG_WARN_SUSPICIOUS_MOVE = YES;
				CLANG_WARN_UNREACHABLE_CODE = YES;
				CLANG_WARN__DUPLICATE_METHOD_MATCH = YES;
				"CODE_SIGN_IDENTITY[sdk=iphoneos*]" = "iPhone Developer";
				COPY_PHASE_STRIP = NO;
				DEBUG_INFORMATION_FORMAT = dwarf;
				ENABLE_STRICT_OBJC_MSGSEND = YES;
				ENABLE_TESTABILITY = YES;
				GCC_C_LANGUAGE_STANDARD = gnu99;
				GCC_DYNAMIC_NO_PIC = NO;
				GCC_NO_COMMON_BLOCKS = YES;
				GCC_OPTIMIZATION_LEVEL = 0;
				GCC_PREPROCESSOR_DEFINITIONS = (
					"DEBUG=1",
					"$(inherited)",
				);
				GCC_WARN_64_TO_32_BIT_CONVERSION = YES;
				GCC_WARN_ABOUT_RETURN_TYPE = YES_ERROR;
				GCC_WARN_UNDECLARED_SELECTOR = YES;
				GCC_WARN_UNINITIALIZED_AUTOS = YES_AGGRESSIVE;
				GCC_WARN_UNUSED_FUNCTION = YES;
				GCC_WARN_UNUSED_VARIABLE = YES;
				IPHONEOS_DEPLOYMENT_TARGET = 10.2;
				MTL_ENABLE_DEBUG_INFO = YES;
				ONLY_ACTIVE_ARCH = YES;
				SDKROOT = iphoneos;
			};
			name = Debug;
		};
		27D485DA1E421B7E0038DDEC /* Release */ = {
			isa = XCBuildConfiguration;
			buildSettings = {
				ALWAYS_SEARCH_USER_PATHS = NO;
				CLANG_ANALYZER_NONNULL = YES;
				CLANG_CXX_LANGUAGE_STANDARD = "gnu++0x";
				CLANG_CXX_LIBRARY = "libc++";
				CLANG_ENABLE_MODULES = YES;
				CLANG_ENABLE_OBJC_ARC = YES;
				CLANG_WARN_BOOL_CONVERSION = YES;
				CLANG_WARN_CONSTANT_CONVERSION = YES;
				CLANG_WARN_DIRECT_OBJC_ISA_USAGE = YES_ERROR;
				CLANG_WARN_DOCUMENTATION_COMMENTS = YES;
				CLANG_WARN_EMPTY_BODY = YES;
				CLANG_WARN_ENUM_CONVERSION = YES;
				CLANG_WARN_INFINITE_RECURSION = YES;
				CLANG_WARN_INT_CONVERSION = YES;
				CLANG_WARN_OBJC_ROOT_CLASS = YES_ERROR;
				CLANG_WARN_SUSPICIOUS_MOVE = YES;
				CLANG_WARN_UNREACHABLE_CODE = YES;
				CLANG_WARN__DUPLICATE_METHOD_MATCH = YES;
				"CODE_SIGN_IDENTITY[sdk=iphoneos*]" = "iPhone Developer";
				COPY_PHASE_STRIP = NO;
				DEBUG_INFORMATION_FORMAT = "dwarf-with-dsym";
				ENABLE_NS_ASSERTIONS = NO;
				ENABLE_STRICT_OBJC_MSGSEND = YES;
				GCC_C_LANGUAGE_STANDARD = gnu99;
				GCC_NO_COMMON_BLOCKS = YES;
				GCC_WARN_64_TO_32_BIT_CONVERSION = YES;
				GCC_WARN_ABOUT_RETURN_TYPE = YES_ERROR;
				GCC_WARN_UNDECLARED_SELECTOR = YES;
				GCC_WARN_UNINITIALIZED_AUTOS = YES_AGGRESSIVE;
				GCC_WARN_UNUSED_FUNCTION = YES;
				GCC_WARN_UNUSED_VARIABLE = YES;
				IPHONEOS_DEPLOYMENT_TARGET = 10.2;
				MTL_ENABLE_DEBUG_INFO = NO;
				SDKROOT = iphoneos;
				VALIDATE_PRODUCT = YES;
			};
			name = Release;
		};
		27D485DC1E421B7E0038DDEC /* Debug */ = {
			isa = XCBuildConfiguration;
			buildSettings = {
				ASSETCATALOG_COMPILER_APPICON_NAME = AppIcon;
				"CODE_SIGN_IDENTITY[sdk=iphoneos*]" = "iPhone Developer";
				DEVELOPMENT_TEAM = AFD55YHYZ6;
				INFOPLIST_FILE = TumblViewer/Info.plist;
				LD_RUNPATH_SEARCH_PATHS = "$(inherited) @executable_path/Frameworks";
				PRODUCT_BUNDLE_IDENTIFIER = pl.tubis.tumblrviewer;
				PRODUCT_NAME = "$(TARGET_NAME)";
				TARGETED_DEVICE_FAMILY = "1,2";
			};
			name = Debug;
		};
		27D485DD1E421B7E0038DDEC /* Release */ = {
			isa = XCBuildConfiguration;
			buildSettings = {
				ASSETCATALOG_COMPILER_APPICON_NAME = AppIcon;
				"CODE_SIGN_IDENTITY[sdk=iphoneos*]" = "iPhone Developer";
				DEVELOPMENT_TEAM = AFD55YHYZ6;
				INFOPLIST_FILE = TumblViewer/Info.plist;
				LD_RUNPATH_SEARCH_PATHS = "$(inherited) @executable_path/Frameworks";
				PRODUCT_BUNDLE_IDENTIFIER = pl.tubis.tumblrviewer;
				PRODUCT_NAME = "$(TARGET_NAME)";
				TARGETED_DEVICE_FAMILY = "1,2";
			};
			name = Release;
		};
/* End XCBuildConfiguration section */

/* Begin XCConfigurationList section */
		27D485BF1E421B7D0038DDEC /* Build configuration list for PBXProject "TumblrViewer" */ = {
			isa = XCConfigurationList;
			buildConfigurations = (
				27D485D91E421B7E0038DDEC /* Debug */,
				27D485DA1E421B7E0038DDEC /* Release */,
			);
			defaultConfigurationIsVisible = 0;
			defaultConfigurationName = Release;
		};
		27D485DB1E421B7E0038DDEC /* Build configuration list for PBXNativeTarget "TumblrViewer" */ = {
			isa = XCConfigurationList;
			buildConfigurations = (
				27D485DC1E421B7E0038DDEC /* Debug */,
				27D485DD1E421B7E0038DDEC /* Release */,
			);
			defaultConfigurationIsVisible = 0;
			defaultConfigurationName = Release;
		};
/* End XCConfigurationList section */
	};
	rootObject = 27D485BC1E421B7D0038DDEC /* Project object */;
}
